<?xml version="1.0" encoding="utf-8"?>
<Project ToolsVersion="4.0" xmlns="http://schemas.microsoft.com/developer/msbuild/2003">
  <ItemGroup>
    <Filter Include="源文件">
      <UniqueIdentifier>{4FC737F1-C7A5-4376-A066-2A32D752A2FF}</UniqueIdentifier>
      <Extensions>cpp;c;cc;cxx;c++;cppm;ixx;def;odl;idl;hpj;bat;asm;asmx</Extensions>
    </Filter>
    <Filter Include="头文件">
      <UniqueIdentifier>{93995380-89BD-4b04-88EB-625FBE52EBFB}</UniqueIdentifier>
      <Extensions>h;hh;hpp;hxx;h++;hm;inl;inc;ipp;xsd</Extensions>
    </Filter>
    <Filter Include="资源文件">
      <UniqueIdentifier>{67DA6AB6-F800-4c08-8B7A-83BB121AAD01}</UniqueIdentifier>
      <Extensions>rc;ico;cur;bmp;dlg;rc2;rct;bin;rgs;gif;jpg;jpeg;jpe;resx;tiff;tif;png;wav;mfcribbon-ms</Extensions>
    </Filter>
  </ItemGroup>
  <ItemGroup>
    <ClCompile Include="Sources\Engine\Core\Types\Entries\Astro\CelestialObject.cpp">
      <Filter>源文件</Filter>
    </ClCompile>
    <ClCompile Include="Sources\Engine\Core\Types\Entries\Astro\Planet.cpp">
      <Filter>源文件</Filter>
    </ClCompile>
    <ClCompile Include="Sources\Engine\Core\Types\Entries\Astro\Star.cpp">
      <Filter>源文件</Filter>
    </ClCompile>
    <ClCompile Include="Sources\Programs\Universe.cpp">
      <Filter>源文件</Filter>
    </ClCompile>
    <ClCompile Include="Sources\Engine\Core\Types\Properties\StellarClass.cpp">
      <Filter>源文件</Filter>
    </ClCompile>
    <ClCompile Include="Sources\Engine\Core\System\Generators\StellarGenerator.cpp">
      <Filter>源文件</Filter>
    </ClCompile>
    <ClCompile Include="Sources\Engine\Utils\Logger.cpp">
      <Filter>源文件</Filter>
    </ClCompile>
    <ClCompile Include="Sources\Engine\Core\Runtime\Threads\ThreadPool.cpp">
      <Filter>源文件</Filter>
    </ClCompile>
    <ClCompile Include="Sources\Engine\Core\Types\Entries\Astro\StellarSystem.cpp">
      <Filter>源文件</Filter>
    </ClCompile>
    <ClCompile Include="Sources\Engine\Core\System\Generators\OrbitalGenerator.cpp">
      <Filter>源文件</Filter>
    </ClCompile>
    <ClCompile Include="Sources\Engine\Core\System\Generators\CivilizationGenerator.cpp">
      <Filter>源文件</Filter>
    </ClCompile>
    <ClCompile Include="Sources\Engine\Core\Types\Properties\Intelli\Civilization.cpp">
      <Filter>源文件</Filter>
    </ClCompile>
    <ClCompile Include="Sources\Engine\Core\Runtime\Assets\AssetManager.cpp">
      <Filter>源文件</Filter>
    </ClCompile>
    <ClCompile Include="Sources\stdafx.cpp">
      <Filter>源文件</Filter>
    </ClCompile>
    <ClCompile Include="Sources\Engine\Utils\Utils.cpp">
      <Filter>源文件</Filter>
    </ClCompile>
    <ClCompile Include="Sources\Engine\Core\Types\Properties\Intelli\Artifact.cpp">
      <Filter>源文件</Filter>
    </ClCompile>
    <ClCompile Include="Sources\Engine\Core\Runtime\Assets\Mesh.cpp">
      <Filter>源文件</Filter>
    </ClCompile>
    <ClCompile Include="Sources\Engine\Core\Runtime\Assets\Model.cpp">
      <Filter>源文件</Filter>
    </ClCompile>
    <ClCompile Include="Sources\Engine\Core\Runtime\Assets\Shader.cpp">
      <Filter>源文件</Filter>
    </ClCompile>
    <ClCompile Include="Sources\Engine\Core\Runtime\Assets\Texture.cpp">
      <Filter>源文件</Filter>
    </ClCompile>
    <ClCompile Include="Sources\Engine\Core\Runtime\Assets\GetAssetFullPath.cpp">
      <Filter>源文件</Filter>
    </ClCompile>
    <ClCompile Include="Sources\Engine\Core\System\Spatial\Camera.cpp">
      <Filter>源文件</Filter>
    </ClCompile>
    <ClCompile Include="Sources\Programs\main.cpp">
      <Filter>源文件</Filter>
    </ClCompile>
    <ClCompile Include="Sources\Engine\Core\Types\Entries\NpgsObject.cpp">
      <Filter>源文件</Filter>
    </ClCompile>
    <ClCompile Include="Sources\Engine\Core\Runtime\Graphics\OpenGL\ShaderBlockManager.cpp">
      <Filter>源文件</Filter>
    </ClCompile>
    <ClCompile Include="Sources\Engine\Core\Runtime\Graphics\OpenGL\Framebuffer.cpp">
      <Filter>源文件</Filter>
    </ClCompile>
    <ClCompile Include="Sources\Engine\Core\Runtime\Graphics\Renderers\ScreenQuadRenderer.cpp">
      <Filter>源文件</Filter>
    </ClCompile>
    <ClCompile Include="Sources\Engine\Core\Runtime\Graphics\Vulkan\VulkanBase.cpp">
      <Filter>源文件</Filter>
    </ClCompile>
    <ClCompile Include="Sources\Engine\Core\Runtime\Graphics\Vulkan\VulkanExtFunctionsImpl.cpp">
      <Filter>源文件</Filter>
    </ClCompile>
    <ClCompile Include="Sources\Engine\Core\Runtime\Graphics\Vulkan\VulkanWrappers.cpp">
      <Filter>源文件</Filter>
    </ClCompile>
    <ClCompile Include="Sources\Programs\Application.cpp">
      <Filter>源文件</Filter>
    </ClCompile>
    <ClCompile Include="Sources\Engine\Core\Runtime\Graphics\Vulkan\VulkanCore.cpp">
      <Filter>源文件</Filter>
    </ClCompile>
  </ItemGroup>
  <ItemGroup>
    <ClInclude Include="Sources\Engine\Core\Base\Assert.h">
      <Filter>头文件</Filter>
    </ClInclude>
    <ClInclude Include="Sources\Engine\Core\Base\Base.h">
      <Filter>头文件</Filter>
    </ClInclude>
    <ClInclude Include="Sources\Engine\Core\Types\Entries\Astro\CelestialObject.h">
      <Filter>头文件</Filter>
    </ClInclude>
    <ClInclude Include="Sources\Engine\Core\Types\Entries\Astro\Planet.h">
      <Filter>头文件</Filter>
    </ClInclude>
    <ClInclude Include="Sources\Engine\Core\Types\Entries\Astro\Star.h">
      <Filter>头文件</Filter>
    </ClInclude>
    <ClInclude Include="Sources\Engine\Core\Types\Properties\Intelli\Civilization.h">
      <Filter>头文件</Filter>
    </ClInclude>
    <ClInclude Include="Sources\Engine\Core\Types\Entries\NpgsObject.h">
      <Filter>头文件</Filter>
    </ClInclude>
    <ClInclude Include="Sources\Engine\Core\System\Spatial\Octree.hpp">
      <Filter>头文件</Filter>
    </ClInclude>
    <ClInclude Include="Sources\Engine\Core\Types\Entries\Astro\StellarSystem.h">
      <Filter>头文件</Filter>
    </ClInclude>
    <ClInclude Include="Sources\Engine\Core\Runtime\Assets\AssetManager.h">
      <Filter>头文件</Filter>
    </ClInclude>
    <ClInclude Include="Sources\Engine\Core\Runtime\Assets\CommaSeparatedValues.hpp">
      <Filter>头文件</Filter>
    </ClInclude>
    <ClInclude Include="Sources\Engine\Utils\Logger.h">
      <Filter>头文件</Filter>
    </ClInclude>
    <ClInclude Include="Sources\Engine\Core\System\Generators\CivilizationGenerator.h">
      <Filter>头文件</Filter>
    </ClInclude>
    <ClInclude Include="Sources\Engine\Core\System\Generators\OrbitalGenerator.h">
      <Filter>头文件</Filter>
    </ClInclude>
    <ClInclude Include="Sources\Engine\Core\Types\Properties\StellarClass.h">
      <Filter>头文件</Filter>
    </ClInclude>
    <ClInclude Include="Sources\Engine\Core\System\Generators\StellarGenerator.h">
      <Filter>头文件</Filter>
    </ClInclude>
    <ClInclude Include="Sources\Engine\Utils\Random.hpp">
      <Filter>头文件</Filter>
    </ClInclude>
    <ClInclude Include="Sources\Engine\Core\Runtime\Threads\ThreadPool.h">
      <Filter>头文件</Filter>
    </ClInclude>
    <ClInclude Include="Sources\Programs\Universe.h">
      <Filter>头文件</Filter>
    </ClInclude>
    <ClInclude Include="Sources\Programs\Npgs.h">
      <Filter>头文件</Filter>
    </ClInclude>
    <ClInclude Include="Sources\stdafx.h">
      <Filter>头文件</Filter>
    </ClInclude>
    <ClInclude Include="Sources\Engine\Utils\Utils.h">
      <Filter>头文件</Filter>
    </ClInclude>
    <ClInclude Include="Sources\Engine\Core\Types\Properties\Intelli\Artifact.h">
      <Filter>头文件</Filter>
    </ClInclude>
    <ClInclude Include="Sources\Engine\Core\Runtime\Assets\Mesh.h">
      <Filter>头文件</Filter>
    </ClInclude>
    <ClInclude Include="Sources\Engine\Core\Runtime\Assets\Model.h">
      <Filter>头文件</Filter>
    </ClInclude>
    <ClInclude Include="Sources\Engine\Core\Runtime\Assets\Shader.h">
      <Filter>头文件</Filter>
    </ClInclude>
    <ClInclude Include="Sources\Engine\Core\Runtime\Assets\Texture.h">
      <Filter>头文件</Filter>
    </ClInclude>
    <ClInclude Include="Sources\Engine\Core\Runtime\Assets\GetAssetFullPath.h">
      <Filter>头文件</Filter>
    </ClInclude>
    <ClInclude Include="Sources\Engine\Core\System\Spatial\Camera.h">
      <Filter>头文件</Filter>
    </ClInclude>
    <ClInclude Include="Sources\Engine\Core\Runtime\Graphics\OpenGL\ShaderBlockManager.h">
      <Filter>头文件</Filter>
    </ClInclude>
    <ClInclude Include="Sources\Engine\Core\Runtime\Graphics\OpenGL\Framebuffer.h">
      <Filter>头文件</Filter>
    </ClInclude>
    <ClInclude Include="Sources\Engine\Core\Runtime\Graphics\Renderers\ScreenQuadRenderer.h">
      <Filter>头文件</Filter>
    </ClInclude>
    <ClInclude Include="Sources\Engine\Core\Math\NumericConstants.h">
      <Filter>头文件</Filter>
    </ClInclude>
    <ClInclude Include="Sources\Engine\Core\Runtime\Graphics\Vulkan\VulkanBase.h">
      <Filter>头文件</Filter>
    </ClInclude>
    <ClInclude Include="Sources\Engine\Core\Runtime\Graphics\Vulkan\VulkanExtFunctionsImpl.h">
      <Filter>头文件</Filter>
    </ClInclude>
    <ClInclude Include="Sources\Engine\Core\Runtime\Graphics\Vulkan\VulkanWrappers.h">
      <Filter>头文件</Filter>
    </ClInclude>
    <ClInclude Include="Sources\Programs\Application.h">
      <Filter>头文件</Filter>
    </ClInclude>
    <ClInclude Include="Sources\Engine\Core\Runtime\Graphics\Vulkan\VulkanCore.h">
      <Filter>头文件</Filter>
    </ClInclude>
  </ItemGroup>
  <ItemGroup>
    <None Include="Sources\Engine\Core\Types\Entries\Astro\CelestialObject.inl">
      <Filter>头文件</Filter>
    </None>
    <None Include="Sources\Engine\Core\Types\Entries\Astro\Planet.inl">
      <Filter>头文件</Filter>
    </None>
    <None Include="Sources\Engine\Core\Types\Entries\Astro\Star.inl">
      <Filter>头文件</Filter>
    </None>
    <None Include="Sources\Engine\Core\Types\Entries\Astro\StellarSystem.inl">
      <Filter>头文件</Filter>
    </None>
    <None Include="Sources\Engine\Core\Types\Properties\Intelli\Civilization.inl">
      <Filter>头文件</Filter>
    </None>
    <None Include="Sources\Engine\Core\System\Generators\StellarGenerator.inl">
      <Filter>头文件</Filter>
    </None>
    <None Include="Sources\Engine\Core\Types\Properties\StellarClass.inl">
      <Filter>头文件</Filter>
    </None>
    <None Include="Sources\Engine\Core\Runtime\Assets\Mesh.inl">
      <Filter>头文件</Filter>
    </None>
    <None Include="Sources\Engine\Core\Runtime\Assets\Model.inl">
      <Filter>头文件</Filter>
    </None>
    <None Include="Sources\Engine\Core\Runtime\Assets\Shader.inl">
      <Filter>头文件</Filter>
    </None>
    <None Include="Sources\Engine\Core\Runtime\Assets\Texture.inl">
      <Filter>头文件</Filter>
    </None>
    <None Include="Sources\Engine\Core\System\Spatial\Camera.inl">
      <Filter>头文件</Filter>
    </None>
    <None Include="Assets\Shaders\Triangle.vert" />
    <None Include="Assets\Shaders\Triangle.frag" />
    <None Include="Sources\Engine\Core\Runtime\Assets\AssetManager.inl">
      <Filter>头文件</Filter>
    </None>
    <None Include="Sources\Engine\Core\Runtime\Threads\ThreadPool.inl">
      <Filter>头文件</Filter>
    </None>
    <None Include="Sources\Engine\Utils\Logger.inl">
      <Filter>头文件</Filter>
    </None>
    <None Include="Sources\Programs\Vertices.inc">
      <Filter>头文件</Filter>
    </None>
    <None Include="Assets\Shaders\Lighting.vert" />
    <None Include="Assets\Shaders\Lighting.frag" />
    <None Include="Assets\Shaders\Advanced.vert" />
    <None Include="Assets\Shaders\Advanced.frag" />
    <None Include="Assets\Shaders\Framebuffer.vert" />
    <None Include="Assets\Shaders\Framebuffer.frag" />
    <None Include="Sources\Engine\Core\Runtime\Graphics\OpenGL\ShaderBlockManager.inl">
      <Filter>头文件</Filter>
    </None>
    <None Include="Assets\Shaders\Point.vert" />
    <None Include="Assets\Shaders\Point.geom" />
    <None Include="Assets\Shaders\Point.frag" />
    <None Include="Sources\Engine\Utils\Utils.inl">
      <Filter>头文件</Filter>
    </None>
    <None Include="Sources\Engine\Core\Runtime\Graphics\OpenGL\Framebuffer.inl">
      <Filter>头文件</Filter>
    </None>
    <None Include="Assets\Shaders\Advanced.geom" />
    <None Include="Assets\Shaders\Common\Random\Hash.glsl" />
    <None Include="Assets\Shaders\Shadow.vert" />
    <None Include="Assets\Shaders\Shadow.frag" />
    <None Include="Assets\Shaders\Common\NumericConstants.glsl" />
    <None Include="Sources\Engine\Core\Runtime\Graphics\Vulkan\VulkanBase.inl">
      <Filter>头文件</Filter>
    </None>
    <None Include="Sources\Engine\Core\Runtime\Graphics\Vulkan\VulkanWrappers.inl">
      <Filter>头文件</Filter>
    </None>
    <None Include="Sources\Engine\Core\Runtime\Graphics\Vulkan\VulkanCore.inl">
      <Filter>头文件</Filter>
    </None>
  </ItemGroup>
</Project>