<?xml version="1.0" encoding="utf-8"?>
<Project ToolsVersion="4.0" xmlns="http://schemas.microsoft.com/developer/msbuild/2003">
  <ItemGroup>
    <ClCompile Include="Sources\Engine\Core\AssetLoader\AssetManager.cpp">
      <Filter>源文件</Filter>
    </ClCompile>
    <ClCompile Include="Sources\Engine\Base\AstroObject\CelestialObject.cpp">
      <Filter>源文件</Filter>
    </ClCompile>
    <ClCompile Include="Sources\Engine\Core\Logger.cpp">
      <Filter>源文件</Filter>
    </ClCompile>
    <ClCompile Include="Sources\Engine\Base\AstroObject\Planet.cpp">
      <Filter>源文件</Filter>
    </ClCompile>
    <ClCompile Include="Sources\Engine\Base\AstroObject\Star.cpp">
      <Filter>源文件</Filter>
    </ClCompile>
    <ClCompile Include="Sources\stdafx.cpp">
      <Filter>源文件</Filter>
    </ClCompile>
    <ClCompile Include="Sources\Engine\Core\Modules\Stellar\StellarClass.cpp">
      <Filter>源文件</Filter>
    </ClCompile>
    <ClCompile Include="Sources\Engine\Core\Modules\Stellar\StellarGenerator.cpp">
      <Filter>源文件</Filter>
    </ClCompile>
    <ClCompile Include="Sources\Engine\Core\ThreadPool.cpp">
      <Filter>源文件</Filter>
    </ClCompile>
    <ClCompile Include="Sources\Engine\Base\Universe.cpp">
      <Filter>源文件</Filter>
    </ClCompile>
  </ItemGroup>
  <ItemGroup>
    <ClInclude Include="Sources\Engine\Core\Assert.h">
      <Filter>头文件</Filter>
    </ClInclude>
    <ClInclude Include="Sources\Engine\Core\AssetLoader\AssetManager.h">
      <Filter>头文件</Filter>
    </ClInclude>
    <ClInclude Include="Sources\Engine\Core\Base.h">
      <Filter>头文件</Filter>
    </ClInclude>
    <ClInclude Include="Sources\Engine\Base\AstroObject\CelestialObject.h">
      <Filter>头文件</Filter>
    </ClInclude>
    <ClInclude Include="Sources\Engine\Core\Constants.h">
      <Filter>头文件</Filter>
    </ClInclude>
    <ClInclude Include="Sources\Engine\Core\AssetLoader\Csv.hpp">
      <Filter>头文件</Filter>
    </ClInclude>
    <ClInclude Include="Sources\Engine\Core\Logger.h">
      <Filter>头文件</Filter>
    </ClInclude>
    <ClInclude Include="Sources\Npgs.h">
      <Filter>头文件</Filter>
    </ClInclude>
    <ClInclude Include="Sources\Engine\Base\AstroObject\Planet.h">
      <Filter>头文件</Filter>
    </ClInclude>
    <ClInclude Include="Sources\Engine\Core\Random.hpp">
      <Filter>头文件</Filter>
    </ClInclude>
    <ClInclude Include="Sources\Engine\Base\AstroObject\Star.h">
      <Filter>头文件</Filter>
    </ClInclude>
    <ClInclude Include="Sources\stdafx.h">
      <Filter>头文件</Filter>
    </ClInclude>
    <ClInclude Include="Sources\Engine\Core\Modules\Stellar\StellarClass.h">
      <Filter>头文件</Filter>
    </ClInclude>
    <ClInclude Include="Sources\Engine\Core\Modules\Stellar\StellarGenerator.h">
      <Filter>头文件</Filter>
    </ClInclude>
    <ClInclude Include="Sources\Engine\Core\ThreadPool.h">
      <Filter>头文件</Filter>
    </ClInclude>
    <ClInclude Include="Sources\Engine\Base\Universe.h">
      <Filter>头文件</Filter>
    </ClInclude>
  </ItemGroup>
  <ItemGroup>
    <None Include="Sources\Engine\Base\AstroObject\CelestialObject.inl">
      <Filter>头文件</Filter>
    </None>
    <None Include="Sources\Engine\Base\AstroObject\Planet.inl">
      <Filter>头文件</Filter>
    </None>
    <None Include="Sources\Engine\Base\AstroObject\Star.inl">
      <Filter>头文件</Filter>
    </None>
  </ItemGroup>
  <ItemGroup>
    <Filter Include="头文件">
      <UniqueIdentifier>{37ebd2a1-a888-46b2-b6df-d720dbf46843}</UniqueIdentifier>
    </Filter>
    <Filter Include="源文件">
      <UniqueIdentifier>{319336c9-232c-42ac-bea2-4a54fd15d9e0}</UniqueIdentifier>
    </Filter>
    <Filter Include="资源文件">
      <UniqueIdentifier>{f025755e-ae8a-4f16-b957-07ffd4927173}</UniqueIdentifier>
    </Filter>
  </ItemGroup>
</Project>