<?xml version="1.0" encoding="utf-8"?>
<Project ToolsVersion="4.0" xmlns="http://schemas.microsoft.com/developer/msbuild/2003">
  <ItemGroup>
    <Filter Include="源文件">
      <UniqueIdentifier>{4FC737F1-C7A5-4376-A066-2A32D752A2FF}</UniqueIdentifier>
      <Extensions>cpp;c;cc;cxx;c++;cppm;ixx;def;odl;idl;hpj;bat;asm;asmx</Extensions>
    </Filter>
    <Filter Include="头文件">
      <UniqueIdentifier>{93995380-89BD-4b04-88EB-625FBE52EBFB}</UniqueIdentifier>
      <Extensions>h;hh;hpp;hxx;h++;hm;inl;inc;ipp;xsd</Extensions>
    </Filter>
    <Filter Include="资源文件">
      <UniqueIdentifier>{67DA6AB6-F800-4c08-8B7A-83BB121AAD01}</UniqueIdentifier>
      <Extensions>rc;ico;cur;bmp;dlg;rc2;rct;bin;rgs;gif;jpg;jpeg;jpe;resx;tiff;tif;png;wav;mfcribbon-ms</Extensions>
    </Filter>
  </ItemGroup>
  <ItemGroup>
    <ClCompile Include="Sources\Engine\Base\NpgsObject\Astro\CelestialObject.cpp">
      <Filter>源文件</Filter>
    </ClCompile>
    <ClCompile Include="Sources\Engine\Base\NpgsObject\Astro\Planet.cpp">
      <Filter>源文件</Filter>
    </ClCompile>
    <ClCompile Include="Sources\Engine\Base\NpgsObject\Astro\Star.cpp">
      <Filter>源文件</Filter>
    </ClCompile>
    <ClCompile Include="Sources\Engine\Core\Universe\Universe.cpp">
      <Filter>源文件</Filter>
    </ClCompile>
    <ClCompile Include="Sources\Engine\Core\AssetLoader\AssetManager.cpp">
      <Filter>源文件</Filter>
    </ClCompile>
    <ClCompile Include="Sources\Engine\Core\Modules\StellarClass.cpp">
      <Filter>源文件</Filter>
    </ClCompile>
    <ClCompile Include="Sources\Engine\Core\Modules\StellarGenerator.cpp">
      <Filter>源文件</Filter>
    </ClCompile>
    <ClCompile Include="Sources\Engine\Core\Logger.cpp">
      <Filter>源文件</Filter>
    </ClCompile>
    <ClCompile Include="Sources\Engine\Core\ThreadPool.cpp">
      <Filter>源文件</Filter>
    </ClCompile>
    <ClCompile Include="Sources\stdafx.cpp">
      <Filter>源文件</Filter>
    </ClCompile>
    <ClCompile Include="Sources\main.cpp">
      <Filter>源文件</Filter>
    </ClCompile>
    <ClCompile Include="Sources\Engine\Base\StellarSystem.cpp">
      <Filter>源文件</Filter>
    </ClCompile>
    <ClCompile Include="Sources\Engine\Core\Modules\OrbitalGenerator.cpp">
      <Filter>源文件</Filter>
    </ClCompile>
    <ClCompile Include="Sources\Engine\Base\NpgsObject\NpgsObject.cpp">
      <Filter>源文件</Filter>
    </ClCompile>
    <ClCompile Include="Sources\Engine\Core\Modules\CivilizationGenerator.cpp">
      <Filter>源文件</Filter>
    </ClCompile>
    <ClCompile Include="Sources\Engine\Base\NpgsObject\Civilization.cpp">
      <Filter>源文件</Filter>
    </ClCompile>
    <ClCompile Include="Sources\Engine\Core\Utilities\Utilities.inl">
      <Filter>源文件</Filter>
    </ClCompile>
  </ItemGroup>
  <ItemGroup>
    <ClInclude Include="Sources\Engine\Base\NpgsObject\Astro\CelestialObject.h">
      <Filter>头文件</Filter>
    </ClInclude>
    <ClInclude Include="Sources\Engine\Base\NpgsObject\Astro\Planet.h">
      <Filter>头文件</Filter>
    </ClInclude>
    <ClInclude Include="Sources\Engine\Base\NpgsObject\Astro\Star.h">
      <Filter>头文件</Filter>
    </ClInclude>
    <ClInclude Include="Sources\Engine\Core\Universe\Universe.h">
      <Filter>头文件</Filter>
    </ClInclude>
    <ClInclude Include="Sources\Engine\Core\AssetLoader\AssetManager.h">
      <Filter>头文件</Filter>
    </ClInclude>
    <ClInclude Include="Sources\Engine\Core\AssetLoader\Csv.hpp">
      <Filter>头文件</Filter>
    </ClInclude>
    <ClInclude Include="Sources\Engine\Core\Modules\StellarClass.h">
      <Filter>头文件</Filter>
    </ClInclude>
    <ClInclude Include="Sources\Engine\Core\Modules\StellarGenerator.h">
      <Filter>头文件</Filter>
    </ClInclude>
    <ClInclude Include="Sources\Engine\Core\Assert.h">
      <Filter>头文件</Filter>
    </ClInclude>
    <ClInclude Include="Sources\Engine\Core\Base.h">
      <Filter>头文件</Filter>
    </ClInclude>
    <ClInclude Include="Sources\Engine\Core\Constants.h">
      <Filter>头文件</Filter>
    </ClInclude>
    <ClInclude Include="Sources\Engine\Core\Logger.h">
      <Filter>头文件</Filter>
    </ClInclude>
    <ClInclude Include="Sources\Engine\Core\Random.hpp">
      <Filter>头文件</Filter>
    </ClInclude>
    <ClInclude Include="Sources\Engine\Core\ThreadPool.h">
      <Filter>头文件</Filter>
    </ClInclude>
    <ClInclude Include="Sources\Npgs.h">
      <Filter>头文件</Filter>
    </ClInclude>
    <ClInclude Include="Sources\stdafx.h">
      <Filter>头文件</Filter>
    </ClInclude>
    <ClInclude Include="Sources\Engine\Base\Octree.hpp">
      <Filter>头文件</Filter>
    </ClInclude>
    <ClInclude Include="Sources\Engine\Base\StellarSystem.h">
      <Filter>头文件</Filter>
    </ClInclude>
    <ClInclude Include="Sources\Engine\Core\Modules\OrbitalGenerator.h">
      <Filter>头文件</Filter>
    </ClInclude>
    <ClInclude Include="Sources\Engine\Base\NpgsObject\NpgsObject.h">
      <Filter>头文件</Filter>
    </ClInclude>
    <ClInclude Include="Sources\Engine\Core\Modules\CivilizationGenerator.h">
      <Filter>头文件</Filter>
    </ClInclude>
    <ClInclude Include="Sources\Engine\Base\NpgsObject\Civilization.h">
      <Filter>头文件</Filter>
    </ClInclude>
    <ClInclude Include="Sources\Engine\Core\Utilities\Utilities.h">
      <Filter>头文件</Filter>
    </ClInclude>
  </ItemGroup>
  <ItemGroup>
    <None Include="Sources\Engine\Base\NpgsObject\Astro\CelestialObject.inl">
      <Filter>头文件</Filter>
    </None>
    <None Include="Sources\Engine\Base\NpgsObject\Astro\Planet.inl">
      <Filter>头文件</Filter>
    </None>
    <None Include="Sources\Engine\Base\NpgsObject\Astro\Star.inl">
      <Filter>头文件</Filter>
    </None>
    <None Include="Sources\Engine\Base\StellarSystem.inl">
      <Filter>头文件</Filter>
    </None>
    <None Include="Sources\Engine\Base\NpgsObject\Civilization.inl">
      <Filter>头文件</Filter>
    </None>
    <None Include="Sources\Engine\Core\Modules\StellarGenerator.inl">
      <Filter>头文件</Filter>
    </None>
  </ItemGroup>
</Project>